# THIS IS AN AUTOGENERATED FILE. DO NOT EDIT THIS FILE DIRECTLY.
# yarn lockfile v1


koffi@^2.10.0:
  version "2.10.0"
  resolved "https://registry.yarnpkg.com/koffi/-/koffi-2.10.0.tgz#742f566834fedd502d1c602c8986c2ded52031bc"
  integrity sha512-TkCU8t2KE/ZcWGh87nRvqMPg0p2t+MXCz/6zAmQohf2UKyVPjGnx0suY88EeQbrP9aIMDVqgUu2j9phy/srqng==
